// !$*UTF8*$!
{
	archiveVersion = 1;
	classes = {
	};
	objectVersion = 56;
	objects = {

/* Begin PBXBuildFile section */
		92022FA22A146219007BE365 /* CoreGraphics.framework in Frameworks */ = {isa = PBXBuildFile; fileRef = 92022FA12A146219007BE365 /* CoreGraphics.framework */; };
		92022FA42A146807007BE365 /* SafariView.swift in Sources */ = {isa = PBXBuildFile; fileRef = 92022FA32A146807007BE365 /* SafariView.swift */; };
		9214DEA92A0B574A000A5A2D /* WixMadeforText-MediumItalic.ttf in Resources */ = {isa = PBXBuildFile; fileRef = 9214DE9F2A0B5749000A5A2D /* WixMadeforText-MediumItalic.ttf */; };
		9214DEAA2A0B574A000A5A2D /* WixMadeforText-Bold.ttf in Resources */ = {isa = PBXBuildFile; fileRef = 9214DEA02A0B5749000A5A2D /* WixMadeforText-Bold.ttf */; };
		9214DEAB2A0B574A000A5A2D /* WixMadeforText-SemiBoldItalic.ttf in Resources */ = {isa = PBXBuildFile; fileRef = 9214DEA12A0B5749000A5A2D /* WixMadeforText-SemiBoldItalic.ttf */; };
		9214DEAC2A0B574A000A5A2D /* WixMadeforText-Medium.ttf in Resources */ = {isa = PBXBuildFile; fileRef = 9214DEA22A0B574A000A5A2D /* WixMadeforText-Medium.ttf */; };
		9214DEAD2A0B574A000A5A2D /* WixMadeforText-Italic.ttf in Resources */ = {isa = PBXBuildFile; fileRef = 9214DEA32A0B574A000A5A2D /* WixMadeforText-Italic.ttf */; };
		9214DEAE2A0B574A000A5A2D /* WixMadeforText-ExtraBoldItalic.ttf in Resources */ = {isa = PBXBuildFile; fileRef = 9214DEA42A0B574A000A5A2D /* WixMadeforText-ExtraBoldItalic.ttf */; };
		9214DEAF2A0B574A000A5A2D /* WixMadeforText-Regular.ttf in Resources */ = {isa = PBXBuildFile; fileRef = 9214DEA52A0B574A000A5A2D /* WixMadeforText-Regular.ttf */; };
		9214DEB02A0B574A000A5A2D /* WixMadeforText-SemiBold.ttf in Resources */ = {isa = PBXBuildFile; fileRef = 9214DEA62A0B574A000A5A2D /* WixMadeforText-SemiBold.ttf */; };
		9214DEB12A0B574A000A5A2D /* WixMadeforText-ExtraBold.ttf in Resources */ = {isa = PBXBuildFile; fileRef = 9214DEA72A0B574A000A5A2D /* WixMadeforText-ExtraBold.ttf */; };
		9214DEB22A0B574A000A5A2D /* WixMadeforText-BoldItalic.ttf in Resources */ = {isa = PBXBuildFile; fileRef = 9214DEA82A0B574A000A5A2D /* WixMadeforText-BoldItalic.ttf */; };
		9214DEB72A0B5D15000A5A2D /* LoginView.swift in Sources */ = {isa = PBXBuildFile; fileRef = 9214DEB62A0B5D15000A5A2D /* LoginView.swift */; };
		9214DEB92A0B5D33000A5A2D /* TitleView.swift in Sources */ = {isa = PBXBuildFile; fileRef = 9214DEB82A0B5D33000A5A2D /* TitleView.swift */; };
		9214DEBB2A0B5ECB000A5A2D /* TextInputView.swift in Sources */ = {isa = PBXBuildFile; fileRef = 9214DEBA2A0B5ECB000A5A2D /* TextInputView.swift */; };
		9214DEBD2A0B6474000A5A2D /* ButtonView.swift in Sources */ = {isa = PBXBuildFile; fileRef = 9214DEBC2A0B6474000A5A2D /* ButtonView.swift */; };
		9214DEBF2A0B6B65000A5A2D /* SignUpView.swift in Sources */ = {isa = PBXBuildFile; fileRef = 9214DEBE2A0B6B65000A5A2D /* SignUpView.swift */; };
		9214DEC12A0B6CC8000A5A2D /* SwipeView.swift in Sources */ = {isa = PBXBuildFile; fileRef = 9214DEC02A0B6CC8000A5A2D /* SwipeView.swift */; };
		9214DEC32A0B6CDB000A5A2D /* InlineTitleView.swift in Sources */ = {isa = PBXBuildFile; fileRef = 9214DEC22A0B6CDB000A5A2D /* InlineTitleView.swift */; };
		9214DEC52A0B72FD000A5A2D /* ClothingItem.swift in Sources */ = {isa = PBXBuildFile; fileRef = 9214DEC42A0B72FD000A5A2D /* ClothingItem.swift */; };
		9214DEC72A0B741F000A5A2D /* CardView.swift in Sources */ = {isa = PBXBuildFile; fileRef = 9214DEC62A0B741F000A5A2D /* CardView.swift */; };
		9234A97B2A0B245600EC036A /* PeachSconeMarketApp.swift in Sources */ = {isa = PBXBuildFile; fileRef = 9234A97A2A0B245600EC036A /* PeachSconeMarketApp.swift */; };
		9234A97D2A0B245600EC036A /* LoadingView.swift in Sources */ = {isa = PBXBuildFile; fileRef = 9234A97C2A0B245600EC036A /* LoadingView.swift */; };
		9234A97F2A0B245A00EC036A /* Assets.xcassets in Resources */ = {isa = PBXBuildFile; fileRef = 9234A97E2A0B245A00EC036A /* Assets.xcassets */; };
		9234A9822A0B245A00EC036A /* Preview Assets.xcassets in Resources */ = {isa = PBXBuildFile; fileRef = 9234A9812A0B245A00EC036A /* Preview Assets.xcassets */; };
		9234A98C2A0B245A00EC036A /* PeachSconeMarketTests.swift in Sources */ = {isa = PBXBuildFile; fileRef = 9234A98B2A0B245A00EC036A /* PeachSconeMarketTests.swift */; };
		9234A9962A0B245A00EC036A /* PeachSconeMarketUITests.swift in Sources */ = {isa = PBXBuildFile; fileRef = 9234A9952A0B245A00EC036A /* PeachSconeMarketUITests.swift */; };
		9234A9982A0B245A00EC036A /* PeachSconeMarketUITestsLaunchTests.swift in Sources */ = {isa = PBXBuildFile; fileRef = 9234A9972A0B245A00EC036A /* PeachSconeMarketUITestsLaunchTests.swift */; };
		9234A9A72A0B278200EC036A /* CustomFontFactory.swift in Sources */ = {isa = PBXBuildFile; fileRef = 9234A9A62A0B278200EC036A /* CustomFontFactory.swift */; };
		92524A7B2A14A45F00CE0FD4 /* SelectedView.swift in Sources */ = {isa = PBXBuildFile; fileRef = 92524A7A2A14A45F00CE0FD4 /* SelectedView.swift */; };
		9266D3952A0E03A200976757 /* SignUpClass.swift in Sources */ = {isa = PBXBuildFile; fileRef = 9266D3942A0E03A200976757 /* SignUpClass.swift */; };
		9266D3972A0E092C00976757 /* PickerView.swift in Sources */ = {isa = PBXBuildFile; fileRef = 9266D3962A0E092C00976757 /* PickerView.swift */; };
		9273B0852A0D6077002140C4 /* KeychainHelper.swift in Sources */ = {isa = PBXBuildFile; fileRef = 9273B0842A0D6077002140C4 /* KeychainHelper.swift */; };
		9286DB2F2A0C953D007FA46E /* NavigationButtonsView.swift in Sources */ = {isa = PBXBuildFile; fileRef = 9286DB2E2A0C953D007FA46E /* NavigationButtonsView.swift */; };
		9286DB312A0C9B39007FA46E /* CardCollectionView.swift in Sources */ = {isa = PBXBuildFile; fileRef = 9286DB302A0C9B39007FA46E /* CardCollectionView.swift */; };
		9286DB332A0C9BBF007FA46E /* MiniCardView.swift in Sources */ = {isa = PBXBuildFile; fileRef = 9286DB322A0C9BBF007FA46E /* MiniCardView.swift */; };
		9286DB352A0CA280007FA46E /* CollectionView.swift in Sources */ = {isa = PBXBuildFile; fileRef = 9286DB342A0CA280007FA46E /* CollectionView.swift */; };
		9286DB372A0CA28F007FA46E /* LikesView.swift in Sources */ = {isa = PBXBuildFile; fileRef = 9286DB362A0CA28F007FA46E /* LikesView.swift */; };
		9286DB392A0CBE47007FA46E /* LoginClass.swift in Sources */ = {isa = PBXBuildFile; fileRef = 9286DB382A0CBE47007FA46E /* LoginClass.swift */; };
		92ADCC782A97BE270070136A /* ClothingManager.swift in Sources */ = {isa = PBXBuildFile; fileRef = 92ADCC772A97BE270070136A /* ClothingManager.swift */; };
		92ADCC7B2A97C7DF0070136A /* ClothingPageManager.swift in Sources */ = {isa = PBXBuildFile; fileRef = 92ADCC7A2A97C7DF0070136A /* ClothingPageManager.swift */; };
		92ADCC7D2A97C7EB0070136A /* ClothingListManager.swift in Sources */ = {isa = PBXBuildFile; fileRef = 92ADCC7C2A97C7EB0070136A /* ClothingListManager.swift */; };
		92ADCC802A9831DA0070136A /* LoginSequenceDesignVariables.swift in Sources */ = {isa = PBXBuildFile; fileRef = 92ADCC7F2A9831DA0070136A /* LoginSequenceDesignVariables.swift */; };
		92ADCC822A997DC30070136A /* NavigationViewDesignVariables.swift in Sources */ = {isa = PBXBuildFile; fileRef = 92ADCC812A997DC20070136A /* NavigationViewDesignVariables.swift */; };
		92B937212A8C6F400025DCB1 /* Api.swift in Sources */ = {isa = PBXBuildFile; fileRef = 92B937202A8C6F3F0025DCB1 /* Api.swift */; };
		92C623D52A0EB1AB006B5940 /* LikeStruct.swift in Sources */ = {isa = PBXBuildFile; fileRef = 92C623D42A0EB1AB006B5940 /* LikeStruct.swift */; };
		92C623D72A0EE53C006B5940 /* CollectionStruct.swift in Sources */ = {isa = PBXBuildFile; fileRef = 92C623D62A0EE53C006B5940 /* CollectionStruct.swift */; };
		92C623D92A0EECB5006B5940 /* MainView.swift in Sources */ = {isa = PBXBuildFile; fileRef = 92C623D82A0EECB5006B5940 /* MainView.swift */; };
		92F1371D2A169230000C0546 /* FilterOptionsStruct.swift in Sources */ = {isa = PBXBuildFile; fileRef = 92F1371C2A169230000C0546 /* FilterOptionsStruct.swift */; };
		92F1371F2A16D898000C0546 /* FilterView.swift in Sources */ = {isa = PBXBuildFile; fileRef = 92F1371E2A16D898000C0546 /* FilterView.swift */; };
		92F137212A16EE9D000C0546 /* ListView.swift in Sources */ = {isa = PBXBuildFile; fileRef = 92F137202A16EE9D000C0546 /* ListView.swift */; };
		92F137232A16F508000C0546 /* ListButtonView.swift in Sources */ = {isa = PBXBuildFile; fileRef = 92F137222A16F508000C0546 /* ListButtonView.swift */; };
/* End PBXBuildFile section */

/* Begin PBXContainerItemProxy section */
		9234A9882A0B245A00EC036A /* PBXContainerItemProxy */ = {
			isa = PBXContainerItemProxy;
			containerPortal = 9234A96F2A0B245600EC036A /* Project object */;
			proxyType = 1;
			remoteGlobalIDString = 9234A9762A0B245600EC036A;
			remoteInfo = PeachSconeMarket;
		};
		9234A9922A0B245A00EC036A /* PBXContainerItemProxy */ = {
			isa = PBXContainerItemProxy;
			containerPortal = 9234A96F2A0B245600EC036A /* Project object */;
			proxyType = 1;
			remoteGlobalIDString = 9234A9762A0B245600EC036A;
			remoteInfo = PeachSconeMarket;
		};
/* End PBXContainerItemProxy section */

/* Begin PBXFileReference section */
		92022F9F2A1461EE007BE365 /* SwiftUI.framework */ = {isa = PBXFileReference; lastKnownFileType = wrapper.framework; name = SwiftUI.framework; path = System/Library/Frameworks/SwiftUI.framework; sourceTree = SDKROOT; };
		92022FA12A146219007BE365 /* CoreGraphics.framework */ = {isa = PBXFileReference; lastKnownFileType = wrapper.framework; name = CoreGraphics.framework; path = System/Library/Frameworks/CoreGraphics.framework; sourceTree = SDKROOT; };
		92022FA32A146807007BE365 /* SafariView.swift */ = {isa = PBXFileReference; lastKnownFileType = sourcecode.swift; path = SafariView.swift; sourceTree = "<group>"; };
		9214DE9F2A0B5749000A5A2D /* WixMadeforText-MediumItalic.ttf */ = {isa = PBXFileReference; lastKnownFileType = file; path = "WixMadeforText-MediumItalic.ttf"; sourceTree = "<group>"; };
		9214DEA02A0B5749000A5A2D /* WixMadeforText-Bold.ttf */ = {isa = PBXFileReference; lastKnownFileType = file; path = "WixMadeforText-Bold.ttf"; sourceTree = "<group>"; };
		9214DEA12A0B5749000A5A2D /* WixMadeforText-SemiBoldItalic.ttf */ = {isa = PBXFileReference; lastKnownFileType = file; path = "WixMadeforText-SemiBoldItalic.ttf"; sourceTree = "<group>"; };
		9214DEA22A0B574A000A5A2D /* WixMadeforText-Medium.ttf */ = {isa = PBXFileReference; lastKnownFileType = file; path = "WixMadeforText-Medium.ttf"; sourceTree = "<group>"; };
		9214DEA32A0B574A000A5A2D /* WixMadeforText-Italic.ttf */ = {isa = PBXFileReference; lastKnownFileType = file; path = "WixMadeforText-Italic.ttf"; sourceTree = "<group>"; };
		9214DEA42A0B574A000A5A2D /* WixMadeforText-ExtraBoldItalic.ttf */ = {isa = PBXFileReference; lastKnownFileType = file; path = "WixMadeforText-ExtraBoldItalic.ttf"; sourceTree = "<group>"; };
		9214DEA52A0B574A000A5A2D /* WixMadeforText-Regular.ttf */ = {isa = PBXFileReference; lastKnownFileType = file; path = "WixMadeforText-Regular.ttf"; sourceTree = "<group>"; };
		9214DEA62A0B574A000A5A2D /* WixMadeforText-SemiBold.ttf */ = {isa = PBXFileReference; lastKnownFileType = file; path = "WixMadeforText-SemiBold.ttf"; sourceTree = "<group>"; };
		9214DEA72A0B574A000A5A2D /* WixMadeforText-ExtraBold.ttf */ = {isa = PBXFileReference; lastKnownFileType = file; path = "WixMadeforText-ExtraBold.ttf"; sourceTree = "<group>"; };
		9214DEA82A0B574A000A5A2D /* WixMadeforText-BoldItalic.ttf */ = {isa = PBXFileReference; lastKnownFileType = file; path = "WixMadeforText-BoldItalic.ttf"; sourceTree = "<group>"; };
		9214DEB62A0B5D15000A5A2D /* LoginView.swift */ = {isa = PBXFileReference; lastKnownFileType = sourcecode.swift; path = LoginView.swift; sourceTree = "<group>"; };
		9214DEB82A0B5D33000A5A2D /* TitleView.swift */ = {isa = PBXFileReference; lastKnownFileType = sourcecode.swift; path = TitleView.swift; sourceTree = "<group>"; };
		9214DEBA2A0B5ECB000A5A2D /* TextInputView.swift */ = {isa = PBXFileReference; lastKnownFileType = sourcecode.swift; path = TextInputView.swift; sourceTree = "<group>"; };
		9214DEBC2A0B6474000A5A2D /* ButtonView.swift */ = {isa = PBXFileReference; lastKnownFileType = sourcecode.swift; path = ButtonView.swift; sourceTree = "<group>"; };
		9214DEBE2A0B6B65000A5A2D /* SignUpView.swift */ = {isa = PBXFileReference; lastKnownFileType = sourcecode.swift; path = SignUpView.swift; sourceTree = "<group>"; };
		9214DEC02A0B6CC8000A5A2D /* SwipeView.swift */ = {isa = PBXFileReference; lastKnownFileType = sourcecode.swift; path = SwipeView.swift; sourceTree = "<group>"; };
		9214DEC22A0B6CDB000A5A2D /* InlineTitleView.swift */ = {isa = PBXFileReference; lastKnownFileType = sourcecode.swift; path = InlineTitleView.swift; sourceTree = "<group>"; };
		9214DEC42A0B72FD000A5A2D /* ClothingItem.swift */ = {isa = PBXFileReference; lastKnownFileType = sourcecode.swift; path = ClothingItem.swift; sourceTree = "<group>"; };
		9214DEC62A0B741F000A5A2D /* CardView.swift */ = {isa = PBXFileReference; lastKnownFileType = sourcecode.swift; path = CardView.swift; sourceTree = "<group>"; };
		9234A9772A0B245600EC036A /* PeachSconeMarket.app */ = {isa = PBXFileReference; explicitFileType = wrapper.application; includeInIndex = 0; path = PeachSconeMarket.app; sourceTree = BUILT_PRODUCTS_DIR; };
		9234A97A2A0B245600EC036A /* PeachSconeMarketApp.swift */ = {isa = PBXFileReference; lastKnownFileType = sourcecode.swift; path = PeachSconeMarketApp.swift; sourceTree = "<group>"; };
		9234A97C2A0B245600EC036A /* LoadingView.swift */ = {isa = PBXFileReference; lastKnownFileType = sourcecode.swift; path = LoadingView.swift; sourceTree = "<group>"; };
		9234A97E2A0B245A00EC036A /* Assets.xcassets */ = {isa = PBXFileReference; lastKnownFileType = folder.assetcatalog; path = Assets.xcassets; sourceTree = "<group>"; };
		9234A9812A0B245A00EC036A /* Preview Assets.xcassets */ = {isa = PBXFileReference; lastKnownFileType = folder.assetcatalog; path = "Preview Assets.xcassets"; sourceTree = "<group>"; };
		9234A9872A0B245A00EC036A /* PeachSconeMarketTests.xctest */ = {isa = PBXFileReference; explicitFileType = wrapper.cfbundle; includeInIndex = 0; path = PeachSconeMarketTests.xctest; sourceTree = BUILT_PRODUCTS_DIR; };
		9234A98B2A0B245A00EC036A /* PeachSconeMarketTests.swift */ = {isa = PBXFileReference; lastKnownFileType = sourcecode.swift; path = PeachSconeMarketTests.swift; sourceTree = "<group>"; };
		9234A9912A0B245A00EC036A /* PeachSconeMarketUITests.xctest */ = {isa = PBXFileReference; explicitFileType = wrapper.cfbundle; includeInIndex = 0; path = PeachSconeMarketUITests.xctest; sourceTree = BUILT_PRODUCTS_DIR; };
		9234A9952A0B245A00EC036A /* PeachSconeMarketUITests.swift */ = {isa = PBXFileReference; lastKnownFileType = sourcecode.swift; path = PeachSconeMarketUITests.swift; sourceTree = "<group>"; };
		9234A9972A0B245A00EC036A /* PeachSconeMarketUITestsLaunchTests.swift */ = {isa = PBXFileReference; lastKnownFileType = sourcecode.swift; path = PeachSconeMarketUITestsLaunchTests.swift; sourceTree = "<group>"; };
		9234A9A62A0B278200EC036A /* CustomFontFactory.swift */ = {isa = PBXFileReference; lastKnownFileType = sourcecode.swift; path = CustomFontFactory.swift; sourceTree = "<group>"; };
		92524A7A2A14A45F00CE0FD4 /* SelectedView.swift */ = {isa = PBXFileReference; lastKnownFileType = sourcecode.swift; path = SelectedView.swift; sourceTree = "<group>"; };
		9266D3942A0E03A200976757 /* SignUpClass.swift */ = {isa = PBXFileReference; lastKnownFileType = sourcecode.swift; path = SignUpClass.swift; sourceTree = "<group>"; };
		9266D3962A0E092C00976757 /* PickerView.swift */ = {isa = PBXFileReference; lastKnownFileType = sourcecode.swift; path = PickerView.swift; sourceTree = "<group>"; };
		9273B0832A0D5EDA002140C4 /* README.md */ = {isa = PBXFileReference; lastKnownFileType = net.daringfireball.markdown; path = README.md; sourceTree = "<group>"; };
		9273B0842A0D6077002140C4 /* KeychainHelper.swift */ = {isa = PBXFileReference; lastKnownFileType = sourcecode.swift; path = KeychainHelper.swift; sourceTree = "<group>"; };
		9286DB2E2A0C953D007FA46E /* NavigationButtonsView.swift */ = {isa = PBXFileReference; lastKnownFileType = sourcecode.swift; path = NavigationButtonsView.swift; sourceTree = "<group>"; };
		9286DB302A0C9B39007FA46E /* CardCollectionView.swift */ = {isa = PBXFileReference; lastKnownFileType = sourcecode.swift; path = CardCollectionView.swift; sourceTree = "<group>"; };
		9286DB322A0C9BBF007FA46E /* MiniCardView.swift */ = {isa = PBXFileReference; lastKnownFileType = sourcecode.swift; path = MiniCardView.swift; sourceTree = "<group>"; };
		9286DB342A0CA280007FA46E /* CollectionView.swift */ = {isa = PBXFileReference; lastKnownFileType = sourcecode.swift; path = CollectionView.swift; sourceTree = "<group>"; };
		9286DB362A0CA28F007FA46E /* LikesView.swift */ = {isa = PBXFileReference; lastKnownFileType = sourcecode.swift; path = LikesView.swift; sourceTree = "<group>"; };
		9286DB382A0CBE47007FA46E /* LoginClass.swift */ = {isa = PBXFileReference; lastKnownFileType = sourcecode.swift; path = LoginClass.swift; sourceTree = "<group>"; };
		92ADCC772A97BE270070136A /* ClothingManager.swift */ = {isa = PBXFileReference; lastKnownFileType = sourcecode.swift; path = ClothingManager.swift; sourceTree = "<group>"; };
		92ADCC7A2A97C7DF0070136A /* ClothingPageManager.swift */ = {isa = PBXFileReference; lastKnownFileType = sourcecode.swift; path = ClothingPageManager.swift; sourceTree = "<group>"; };
		92ADCC7C2A97C7EB0070136A /* ClothingListManager.swift */ = {isa = PBXFileReference; lastKnownFileType = sourcecode.swift; path = ClothingListManager.swift; sourceTree = "<group>"; };
		92ADCC7F2A9831DA0070136A /* LoginSequenceDesignVariables.swift */ = {isa = PBXFileReference; lastKnownFileType = sourcecode.swift; path = LoginSequenceDesignVariables.swift; sourceTree = "<group>"; };
		92ADCC812A997DC20070136A /* NavigationViewDesignVariables.swift */ = {isa = PBXFileReference; lastKnownFileType = sourcecode.swift; path = NavigationViewDesignVariables.swift; sourceTree = "<group>"; };
		92B416882A186BB4002F89DC /* PeachSconeMarket.entitlements */ = {isa = PBXFileReference; lastKnownFileType = text.plist.entitlements; path = PeachSconeMarket.entitlements; sourceTree = "<group>"; };
		92B937202A8C6F3F0025DCB1 /* Api.swift */ = {isa = PBXFileReference; lastKnownFileType = sourcecode.swift; path = Api.swift; sourceTree = "<group>"; };
		92C623D42A0EB1AB006B5940 /* LikeStruct.swift */ = {isa = PBXFileReference; lastKnownFileType = sourcecode.swift; path = LikeStruct.swift; sourceTree = "<group>"; };
		92C623D62A0EE53C006B5940 /* CollectionStruct.swift */ = {isa = PBXFileReference; lastKnownFileType = sourcecode.swift; path = CollectionStruct.swift; sourceTree = "<group>"; };
		92C623D82A0EECB5006B5940 /* MainView.swift */ = {isa = PBXFileReference; lastKnownFileType = sourcecode.swift; path = MainView.swift; sourceTree = "<group>"; };
		92F1371C2A169230000C0546 /* FilterOptionsStruct.swift */ = {isa = PBXFileReference; lastKnownFileType = sourcecode.swift; path = FilterOptionsStruct.swift; sourceTree = "<group>"; };
		92F1371E2A16D898000C0546 /* FilterView.swift */ = {isa = PBXFileReference; lastKnownFileType = sourcecode.swift; path = FilterView.swift; sourceTree = "<group>"; };
		92F137202A16EE9D000C0546 /* ListView.swift */ = {isa = PBXFileReference; lastKnownFileType = sourcecode.swift; path = ListView.swift; sourceTree = "<group>"; };
		92F137222A16F508000C0546 /* ListButtonView.swift */ = {isa = PBXFileReference; lastKnownFileType = sourcecode.swift; path = ListButtonView.swift; sourceTree = "<group>"; };
/* End PBXFileReference section */

/* Begin PBXFrameworksBuildPhase section */
		9234A9742A0B245600EC036A /* Frameworks */ = {
			isa = PBXFrameworksBuildPhase;
			buildActionMask = 2147483647;
			files = (
				92022FA22A146219007BE365 /* CoreGraphics.framework in Frameworks */,
			);
			runOnlyForDeploymentPostprocessing = 0;
		};
		9234A9842A0B245A00EC036A /* Frameworks */ = {
			isa = PBXFrameworksBuildPhase;
			buildActionMask = 2147483647;
			files = (
			);
			runOnlyForDeploymentPostprocessing = 0;
		};
		9234A98E2A0B245A00EC036A /* Frameworks */ = {
			isa = PBXFrameworksBuildPhase;
			buildActionMask = 2147483647;
			files = (
			);
			runOnlyForDeploymentPostprocessing = 0;
		};
/* End PBXFrameworksBuildPhase section */

/* Begin PBXGroup section */
		92022F9E2A1461EE007BE365 /* Frameworks */ = {
			isa = PBXGroup;
			children = (
				92022FA12A146219007BE365 /* CoreGraphics.framework */,
				92022F9F2A1461EE007BE365 /* SwiftUI.framework */,
			);
			name = Frameworks;
			sourceTree = "<group>";
		};
		9214DE8A2A0B56AE000A5A2D /* Fonts */ = {
			isa = PBXGroup;
			children = (
				9214DEA02A0B5749000A5A2D /* WixMadeforText-Bold.ttf */,
				9214DEA82A0B574A000A5A2D /* WixMadeforText-BoldItalic.ttf */,
				9214DEA72A0B574A000A5A2D /* WixMadeforText-ExtraBold.ttf */,
				9214DEA42A0B574A000A5A2D /* WixMadeforText-ExtraBoldItalic.ttf */,
				9214DEA32A0B574A000A5A2D /* WixMadeforText-Italic.ttf */,
				9214DEA22A0B574A000A5A2D /* WixMadeforText-Medium.ttf */,
				9214DE9F2A0B5749000A5A2D /* WixMadeforText-MediumItalic.ttf */,
				9214DEA52A0B574A000A5A2D /* WixMadeforText-Regular.ttf */,
				9214DEA62A0B574A000A5A2D /* WixMadeforText-SemiBold.ttf */,
				9214DEA12A0B5749000A5A2D /* WixMadeforText-SemiBoldItalic.ttf */,
			);
			path = Fonts;
			sourceTree = "<group>";
		};
		9214DEB32A0B57DB000A5A2D /* Subviews */ = {
			isa = PBXGroup;
			children = (
				9214DEB82A0B5D33000A5A2D /* TitleView.swift */,
				9214DEBA2A0B5ECB000A5A2D /* TextInputView.swift */,
				9214DEBC2A0B6474000A5A2D /* ButtonView.swift */,
				9214DEC22A0B6CDB000A5A2D /* InlineTitleView.swift */,
				9214DEC62A0B741F000A5A2D /* CardView.swift */,
				9286DB2E2A0C953D007FA46E /* NavigationButtonsView.swift */,
				9286DB302A0C9B39007FA46E /* CardCollectionView.swift */,
				9286DB322A0C9BBF007FA46E /* MiniCardView.swift */,
				9266D3962A0E092C00976757 /* PickerView.swift */,
				92022FA32A146807007BE365 /* SafariView.swift */,
				92524A7A2A14A45F00CE0FD4 /* SelectedView.swift */,
				92F1371E2A16D898000C0546 /* FilterView.swift */,
				92F137202A16EE9D000C0546 /* ListView.swift */,
				92F137222A16F508000C0546 /* ListButtonView.swift */,
			);
			path = Subviews;
			sourceTree = "<group>";
		};
		9234A96E2A0B245600EC036A = {
			isa = PBXGroup;
			children = (
				9273B0832A0D5EDA002140C4 /* README.md */,
				9234A9792A0B245600EC036A /* PeachSconeMarket */,
				9234A98A2A0B245A00EC036A /* PeachSconeMarketTests */,
				9234A9942A0B245A00EC036A /* PeachSconeMarketUITests */,
				9234A9782A0B245600EC036A /* Products */,
				92022F9E2A1461EE007BE365 /* Frameworks */,
			);
			sourceTree = "<group>";
		};
		9234A9782A0B245600EC036A /* Products */ = {
			isa = PBXGroup;
			children = (
				9234A9772A0B245600EC036A /* PeachSconeMarket.app */,
				9234A9872A0B245A00EC036A /* PeachSconeMarketTests.xctest */,
				9234A9912A0B245A00EC036A /* PeachSconeMarketUITests.xctest */,
			);
			name = Products;
			sourceTree = "<group>";
		};
		9234A9792A0B245600EC036A /* PeachSconeMarket */ = {
			isa = PBXGroup;
			children = (
				9234A9A52A0B25D000EC036A /* Models */,
				92B416882A186BB4002F89DC /* PeachSconeMarket.entitlements */,
				9214DE8A2A0B56AE000A5A2D /* Fonts */,
				9234A9A42A0B25B500EC036A /* Views */,
				9234A97A2A0B245600EC036A /* PeachSconeMarketApp.swift */,
				9234A97E2A0B245A00EC036A /* Assets.xcassets */,
				9234A9802A0B245A00EC036A /* Preview Content */,
			);
			path = PeachSconeMarket;
			sourceTree = "<group>";
		};
		9234A9802A0B245A00EC036A /* Preview Content */ = {
			isa = PBXGroup;
			children = (
				9234A9812A0B245A00EC036A /* Preview Assets.xcassets */,
			);
			path = "Preview Content";
			sourceTree = "<group>";
		};
		9234A98A2A0B245A00EC036A /* PeachSconeMarketTests */ = {
			isa = PBXGroup;
			children = (
				9234A98B2A0B245A00EC036A /* PeachSconeMarketTests.swift */,
			);
			path = PeachSconeMarketTests;
			sourceTree = "<group>";
		};
		9234A9942A0B245A00EC036A /* PeachSconeMarketUITests */ = {
			isa = PBXGroup;
			children = (
				9234A9952A0B245A00EC036A /* PeachSconeMarketUITests.swift */,
				9234A9972A0B245A00EC036A /* PeachSconeMarketUITestsLaunchTests.swift */,
			);
			path = PeachSconeMarketUITests;
			sourceTree = "<group>";
		};
		9234A9A42A0B25B500EC036A /* Views */ = {
			isa = PBXGroup;
			children = (
				92ADCC7E2A9831BC0070136A /* DesignVariables */,
				9214DEB32A0B57DB000A5A2D /* Subviews */,
				9234A97C2A0B245600EC036A /* LoadingView.swift */,
				9214DEB62A0B5D15000A5A2D /* LoginView.swift */,
				9214DEBE2A0B6B65000A5A2D /* SignUpView.swift */,
				9214DEC02A0B6CC8000A5A2D /* SwipeView.swift */,
				9286DB342A0CA280007FA46E /* CollectionView.swift */,
				9286DB362A0CA28F007FA46E /* LikesView.swift */,
				92C623D82A0EECB5006B5940 /* MainView.swift */,
			);
			path = Views;
			sourceTree = "<group>";
		};
		9234A9A52A0B25D000EC036A /* Models */ = {
			isa = PBXGroup;
			children = (
				92ADCC792A97C7C90070136A /* ClothingManager */,
				92B937202A8C6F3F0025DCB1 /* Api.swift */,
				9234A9A62A0B278200EC036A /* CustomFontFactory.swift */,
				9214DEC42A0B72FD000A5A2D /* ClothingItem.swift */,
				9286DB382A0CBE47007FA46E /* LoginClass.swift */,
				9273B0842A0D6077002140C4 /* KeychainHelper.swift */,
				9266D3942A0E03A200976757 /* SignUpClass.swift */,
				92C623D42A0EB1AB006B5940 /* LikeStruct.swift */,
				92C623D62A0EE53C006B5940 /* CollectionStruct.swift */,
				92F1371C2A169230000C0546 /* FilterOptionsStruct.swift */,
			);
			path = Models;
			sourceTree = "<group>";
		};
		92ADCC792A97C7C90070136A /* ClothingManager */ = {
			isa = PBXGroup;
			children = (
				92ADCC772A97BE270070136A /* ClothingManager.swift */,
				92ADCC7A2A97C7DF0070136A /* ClothingPageManager.swift */,
				92ADCC7C2A97C7EB0070136A /* ClothingListManager.swift */,
			);
			path = ClothingManager;
			sourceTree = "<group>";
		};
		92ADCC7E2A9831BC0070136A /* DesignVariables */ = {
			isa = PBXGroup;
			children = (
				92ADCC7F2A9831DA0070136A /* LoginSequenceDesignVariables.swift */,
				92ADCC812A997DC20070136A /* NavigationViewDesignVariables.swift */,
			);
			path = DesignVariables;
			sourceTree = "<group>";
		};
/* End PBXGroup section */

/* Begin PBXNativeTarget section */
		9234A9762A0B245600EC036A /* PeachSconeMarket */ = {
			isa = PBXNativeTarget;
			buildConfigurationList = 9234A99B2A0B245A00EC036A /* Build configuration list for PBXNativeTarget "PeachSconeMarket" */;
			buildPhases = (
				9234A9732A0B245600EC036A /* Sources */,
				9234A9742A0B245600EC036A /* Frameworks */,
				9234A9752A0B245600EC036A /* Resources */,
			);
			buildRules = (
			);
			dependencies = (
			);
			name = PeachSconeMarket;
			productName = PeachSconeMarket;
			productReference = 9234A9772A0B245600EC036A /* PeachSconeMarket.app */;
			productType = "com.apple.product-type.application";
		};
		9234A9862A0B245A00EC036A /* PeachSconeMarketTests */ = {
			isa = PBXNativeTarget;
			buildConfigurationList = 9234A99E2A0B245A00EC036A /* Build configuration list for PBXNativeTarget "PeachSconeMarketTests" */;
			buildPhases = (
				9234A9832A0B245A00EC036A /* Sources */,
				9234A9842A0B245A00EC036A /* Frameworks */,
				9234A9852A0B245A00EC036A /* Resources */,
			);
			buildRules = (
			);
			dependencies = (
				9234A9892A0B245A00EC036A /* PBXTargetDependency */,
			);
			name = PeachSconeMarketTests;
			productName = PeachSconeMarketTests;
			productReference = 9234A9872A0B245A00EC036A /* PeachSconeMarketTests.xctest */;
			productType = "com.apple.product-type.bundle.unit-test";
		};
		9234A9902A0B245A00EC036A /* PeachSconeMarketUITests */ = {
			isa = PBXNativeTarget;
			buildConfigurationList = 9234A9A12A0B245A00EC036A /* Build configuration list for PBXNativeTarget "PeachSconeMarketUITests" */;
			buildPhases = (
				9234A98D2A0B245A00EC036A /* Sources */,
				9234A98E2A0B245A00EC036A /* Frameworks */,
				9234A98F2A0B245A00EC036A /* Resources */,
			);
			buildRules = (
			);
			dependencies = (
				9234A9932A0B245A00EC036A /* PBXTargetDependency */,
			);
			name = PeachSconeMarketUITests;
			productName = PeachSconeMarketUITests;
			productReference = 9234A9912A0B245A00EC036A /* PeachSconeMarketUITests.xctest */;
			productType = "com.apple.product-type.bundle.ui-testing";
		};
/* End PBXNativeTarget section */

/* Begin PBXProject section */
		9234A96F2A0B245600EC036A /* Project object */ = {
			isa = PBXProject;
			attributes = {
				BuildIndependentTargetsInParallel = 1;
				LastSwiftUpdateCheck = 1420;
				LastUpgradeCheck = 1420;
				TargetAttributes = {
					9234A9762A0B245600EC036A = {
						CreatedOnToolsVersion = 14.2;
					};
					9234A9862A0B245A00EC036A = {
						CreatedOnToolsVersion = 14.2;
						TestTargetID = 9234A9762A0B245600EC036A;
					};
					9234A9902A0B245A00EC036A = {
						CreatedOnToolsVersion = 14.2;
						TestTargetID = 9234A9762A0B245600EC036A;
					};
				};
			};
			buildConfigurationList = 9234A9722A0B245600EC036A /* Build configuration list for PBXProject "PeachSconeMarket" */;
			compatibilityVersion = "Xcode 14.0";
			developmentRegion = en;
			hasScannedForEncodings = 0;
			knownRegions = (
				en,
				Base,
			);
			mainGroup = 9234A96E2A0B245600EC036A;
			productRefGroup = 9234A9782A0B245600EC036A /* Products */;
			projectDirPath = "";
			projectRoot = "";
			targets = (
				9234A9762A0B245600EC036A /* PeachSconeMarket */,
				9234A9862A0B245A00EC036A /* PeachSconeMarketTests */,
				9234A9902A0B245A00EC036A /* PeachSconeMarketUITests */,
			);
		};
/* End PBXProject section */

/* Begin PBXResourcesBuildPhase section */
		9234A9752A0B245600EC036A /* Resources */ = {
			isa = PBXResourcesBuildPhase;
			buildActionMask = 2147483647;
			files = (
				9214DEB22A0B574A000A5A2D /* WixMadeforText-BoldItalic.ttf in Resources */,
				9214DEAB2A0B574A000A5A2D /* WixMadeforText-SemiBoldItalic.ttf in Resources */,
				9214DEAA2A0B574A000A5A2D /* WixMadeforText-Bold.ttf in Resources */,
				9214DEAD2A0B574A000A5A2D /* WixMadeforText-Italic.ttf in Resources */,
				9214DEB12A0B574A000A5A2D /* WixMadeforText-ExtraBold.ttf in Resources */,
				9214DEAC2A0B574A000A5A2D /* WixMadeforText-Medium.ttf in Resources */,
				9214DEA92A0B574A000A5A2D /* WixMadeforText-MediumItalic.ttf in Resources */,
				9214DEAE2A0B574A000A5A2D /* WixMadeforText-ExtraBoldItalic.ttf in Resources */,
				9214DEB02A0B574A000A5A2D /* WixMadeforText-SemiBold.ttf in Resources */,
				9234A9822A0B245A00EC036A /* Preview Assets.xcassets in Resources */,
				9214DEAF2A0B574A000A5A2D /* WixMadeforText-Regular.ttf in Resources */,
				9234A97F2A0B245A00EC036A /* Assets.xcassets in Resources */,
			);
			runOnlyForDeploymentPostprocessing = 0;
		};
		9234A9852A0B245A00EC036A /* Resources */ = {
			isa = PBXResourcesBuildPhase;
			buildActionMask = 2147483647;
			files = (
			);
			runOnlyForDeploymentPostprocessing = 0;
		};
		9234A98F2A0B245A00EC036A /* Resources */ = {
			isa = PBXResourcesBuildPhase;
			buildActionMask = 2147483647;
			files = (
			);
			runOnlyForDeploymentPostprocessing = 0;
		};
/* End PBXResourcesBuildPhase section */

/* Begin PBXSourcesBuildPhase section */
		9234A9732A0B245600EC036A /* Sources */ = {
			isa = PBXSourcesBuildPhase;
			buildActionMask = 2147483647;
			files = (
				92ADCC7B2A97C7DF0070136A /* ClothingPageManager.swift in Sources */,
				92F1371F2A16D898000C0546 /* FilterView.swift in Sources */,
				9266D3952A0E03A200976757 /* SignUpClass.swift in Sources */,
				92524A7B2A14A45F00CE0FD4 /* SelectedView.swift in Sources */,
				92C623D92A0EECB5006B5940 /* MainView.swift in Sources */,
				9214DEB92A0B5D33000A5A2D /* TitleView.swift in Sources */,
				9234A9A72A0B278200EC036A /* CustomFontFactory.swift in Sources */,
				9286DB312A0C9B39007FA46E /* CardCollectionView.swift in Sources */,
				9214DEC52A0B72FD000A5A2D /* ClothingItem.swift in Sources */,
				9266D3972A0E092C00976757 /* PickerView.swift in Sources */,
				9273B0852A0D6077002140C4 /* KeychainHelper.swift in Sources */,
				92ADCC802A9831DA0070136A /* LoginSequenceDesignVariables.swift in Sources */,
				9286DB332A0C9BBF007FA46E /* MiniCardView.swift in Sources */,
				9214DEC32A0B6CDB000A5A2D /* InlineTitleView.swift in Sources */,
				9286DB352A0CA280007FA46E /* CollectionView.swift in Sources */,
				9214DEBB2A0B5ECB000A5A2D /* TextInputView.swift in Sources */,
				92ADCC822A997DC30070136A /* NavigationViewDesignVariables.swift in Sources */,
				92022FA42A146807007BE365 /* SafariView.swift in Sources */,
				92F137232A16F508000C0546 /* ListButtonView.swift in Sources */,
				9234A97D2A0B245600EC036A /* LoadingView.swift in Sources */,
				9214DEBF2A0B6B65000A5A2D /* SignUpView.swift in Sources */,
				92F1371D2A169230000C0546 /* FilterOptionsStruct.swift in Sources */,
				92ADCC7D2A97C7EB0070136A /* ClothingListManager.swift in Sources */,
				9286DB392A0CBE47007FA46E /* LoginClass.swift in Sources */,
				9214DEB72A0B5D15000A5A2D /* LoginView.swift in Sources */,
				92C623D52A0EB1AB006B5940 /* LikeStruct.swift in Sources */,
				92ADCC782A97BE270070136A /* ClothingManager.swift in Sources */,
				92C623D72A0EE53C006B5940 /* CollectionStruct.swift in Sources */,
				9214DEC12A0B6CC8000A5A2D /* SwipeView.swift in Sources */,
				9234A97B2A0B245600EC036A /* PeachSconeMarketApp.swift in Sources */,
				9286DB2F2A0C953D007FA46E /* NavigationButtonsView.swift in Sources */,
				92F137212A16EE9D000C0546 /* ListView.swift in Sources */,
				9214DEC72A0B741F000A5A2D /* CardView.swift in Sources */,
				9286DB372A0CA28F007FA46E /* LikesView.swift in Sources */,
				92B937212A8C6F400025DCB1 /* Api.swift in Sources */,
				9214DEBD2A0B6474000A5A2D /* ButtonView.swift in Sources */,
			);
			runOnlyForDeploymentPostprocessing = 0;
		};
		9234A9832A0B245A00EC036A /* Sources */ = {
			isa = PBXSourcesBuildPhase;
			buildActionMask = 2147483647;
			files = (
				9234A98C2A0B245A00EC036A /* PeachSconeMarketTests.swift in Sources */,
			);
			runOnlyForDeploymentPostprocessing = 0;
		};
		9234A98D2A0B245A00EC036A /* Sources */ = {
			isa = PBXSourcesBuildPhase;
			buildActionMask = 2147483647;
			files = (
				9234A9962A0B245A00EC036A /* PeachSconeMarketUITests.swift in Sources */,
				9234A9982A0B245A00EC036A /* PeachSconeMarketUITestsLaunchTests.swift in Sources */,
			);
			runOnlyForDeploymentPostprocessing = 0;
		};
/* End PBXSourcesBuildPhase section */

/* Begin PBXTargetDependency section */
		9234A9892A0B245A00EC036A /* PBXTargetDependency */ = {
			isa = PBXTargetDependency;
			target = 9234A9762A0B245600EC036A /* PeachSconeMarket */;
			targetProxy = 9234A9882A0B245A00EC036A /* PBXContainerItemProxy */;
		};
		9234A9932A0B245A00EC036A /* PBXTargetDependency */ = {
			isa = PBXTargetDependency;
			target = 9234A9762A0B245600EC036A /* PeachSconeMarket */;
			targetProxy = 9234A9922A0B245A00EC036A /* PBXContainerItemProxy */;
		};
/* End PBXTargetDependency section */

/* Begin XCBuildConfiguration section */
		9234A9992A0B245A00EC036A /* Debug */ = {
			isa = XCBuildConfiguration;
			buildSettings = {
				ALWAYS_SEARCH_USER_PATHS = NO;
				CLANG_ANALYZER_NONNULL = YES;
				CLANG_ANALYZER_NUMBER_OBJECT_CONVERSION = YES_AGGRESSIVE;
				CLANG_CXX_LANGUAGE_STANDARD = "gnu++20";
				CLANG_ENABLE_MODULES = YES;
				CLANG_ENABLE_OBJC_ARC = YES;
				CLANG_ENABLE_OBJC_WEAK = YES;
				CLANG_WARN_BLOCK_CAPTURE_AUTORELEASING = YES;
				CLANG_WARN_BOOL_CONVERSION = YES;
				CLANG_WARN_COMMA = YES;
				CLANG_WARN_CONSTANT_CONVERSION = YES;
				CLANG_WARN_DEPRECATED_OBJC_IMPLEMENTATIONS = YES;
				CLANG_WARN_DIRECT_OBJC_ISA_USAGE = YES_ERROR;
				CLANG_WARN_DOCUMENTATION_COMMENTS = YES;
				CLANG_WARN_EMPTY_BODY = YES;
				CLANG_WARN_ENUM_CONVERSION = YES;
				CLANG_WARN_INFINITE_RECURSION = YES;
				CLANG_WARN_INT_CONVERSION = YES;
				CLANG_WARN_NON_LITERAL_NULL_CONVERSION = YES;
				CLANG_WARN_OBJC_IMPLICIT_RETAIN_SELF = YES;
				CLANG_WARN_OBJC_LITERAL_CONVERSION = YES;
				CLANG_WARN_OBJC_ROOT_CLASS = YES_ERROR;
				CLANG_WARN_QUOTED_INCLUDE_IN_FRAMEWORK_HEADER = YES;
				CLANG_WARN_RANGE_LOOP_ANALYSIS = YES;
				CLANG_WARN_STRICT_PROTOTYPES = YES;
				CLANG_WARN_SUSPICIOUS_MOVE = YES;
				CLANG_WARN_UNGUARDED_AVAILABILITY = YES_AGGRESSIVE;
				CLANG_WARN_UNREACHABLE_CODE = YES;
				CLANG_WARN__DUPLICATE_METHOD_MATCH = YES;
				COPY_PHASE_STRIP = NO;
				DEBUG_INFORMATION_FORMAT = dwarf;
				ENABLE_STRICT_OBJC_MSGSEND = YES;
				ENABLE_TESTABILITY = YES;
				GCC_C_LANGUAGE_STANDARD = gnu11;
				GCC_DYNAMIC_NO_PIC = NO;
				GCC_NO_COMMON_BLOCKS = YES;
				GCC_OPTIMIZATION_LEVEL = 0;
				GCC_PREPROCESSOR_DEFINITIONS = (
					"DEBUG=1",
					"$(inherited)",
				);
				GCC_WARN_64_TO_32_BIT_CONVERSION = YES;
				GCC_WARN_ABOUT_RETURN_TYPE = YES_ERROR;
				GCC_WARN_UNDECLARED_SELECTOR = YES;
				GCC_WARN_UNINITIALIZED_AUTOS = YES_AGGRESSIVE;
				GCC_WARN_UNUSED_FUNCTION = YES;
				GCC_WARN_UNUSED_VARIABLE = YES;
				IPHONEOS_DEPLOYMENT_TARGET = 16.2;
				MTL_ENABLE_DEBUG_INFO = INCLUDE_SOURCE;
				MTL_FAST_MATH = YES;
				ONLY_ACTIVE_ARCH = YES;
				SDKROOT = iphoneos;
				SWIFT_ACTIVE_COMPILATION_CONDITIONS = DEBUG;
				SWIFT_OPTIMIZATION_LEVEL = "-Onone";
			};
			name = Debug;
		};
		9234A99A2A0B245A00EC036A /* Release */ = {
			isa = XCBuildConfiguration;
			buildSettings = {
				ALWAYS_SEARCH_USER_PATHS = NO;
				CLANG_ANALYZER_NONNULL = YES;
				CLANG_ANALYZER_NUMBER_OBJECT_CONVERSION = YES_AGGRESSIVE;
				CLANG_CXX_LANGUAGE_STANDARD = "gnu++20";
				CLANG_ENABLE_MODULES = YES;
				CLANG_ENABLE_OBJC_ARC = YES;
				CLANG_ENABLE_OBJC_WEAK = YES;
				CLANG_WARN_BLOCK_CAPTURE_AUTORELEASING = YES;
				CLANG_WARN_BOOL_CONVERSION = YES;
				CLANG_WARN_COMMA = YES;
				CLANG_WARN_CONSTANT_CONVERSION = YES;
				CLANG_WARN_DEPRECATED_OBJC_IMPLEMENTATIONS = YES;
				CLANG_WARN_DIRECT_OBJC_ISA_USAGE = YES_ERROR;
				CLANG_WARN_DOCUMENTATION_COMMENTS = YES;
				CLANG_WARN_EMPTY_BODY = YES;
				CLANG_WARN_ENUM_CONVERSION = YES;
				CLANG_WARN_INFINITE_RECURSION = YES;
				CLANG_WARN_INT_CONVERSION = YES;
				CLANG_WARN_NON_LITERAL_NULL_CONVERSION = YES;
				CLANG_WARN_OBJC_IMPLICIT_RETAIN_SELF = YES;
				CLANG_WARN_OBJC_LITERAL_CONVERSION = YES;
				CLANG_WARN_OBJC_ROOT_CLASS = YES_ERROR;
				CLANG_WARN_QUOTED_INCLUDE_IN_FRAMEWORK_HEADER = YES;
				CLANG_WARN_RANGE_LOOP_ANALYSIS = YES;
				CLANG_WARN_STRICT_PROTOTYPES = YES;
				CLANG_WARN_SUSPICIOUS_MOVE = YES;
				CLANG_WARN_UNGUARDED_AVAILABILITY = YES_AGGRESSIVE;
				CLANG_WARN_UNREACHABLE_CODE = YES;
				CLANG_WARN__DUPLICATE_METHOD_MATCH = YES;
				COPY_PHASE_STRIP = NO;
				DEBUG_INFORMATION_FORMAT = "dwarf-with-dsym";
				ENABLE_NS_ASSERTIONS = NO;
				ENABLE_STRICT_OBJC_MSGSEND = YES;
				GCC_C_LANGUAGE_STANDARD = gnu11;
				GCC_NO_COMMON_BLOCKS = YES;
				GCC_WARN_64_TO_32_BIT_CONVERSION = YES;
				GCC_WARN_ABOUT_RETURN_TYPE = YES_ERROR;
				GCC_WARN_UNDECLARED_SELECTOR = YES;
				GCC_WARN_UNINITIALIZED_AUTOS = YES_AGGRESSIVE;
				GCC_WARN_UNUSED_FUNCTION = YES;
				GCC_WARN_UNUSED_VARIABLE = YES;
				IPHONEOS_DEPLOYMENT_TARGET = 16.2;
				MTL_ENABLE_DEBUG_INFO = NO;
				MTL_FAST_MATH = YES;
				SDKROOT = iphoneos;
				SWIFT_COMPILATION_MODE = wholemodule;
				SWIFT_OPTIMIZATION_LEVEL = "-O";
				VALIDATE_PRODUCT = YES;
			};
			name = Release;
		};
		9234A99C2A0B245A00EC036A /* Debug */ = {
			isa = XCBuildConfiguration;
			buildSettings = {
				ASSETCATALOG_COMPILER_APPICON_NAME = AppIcon;
				ASSETCATALOG_COMPILER_GLOBAL_ACCENT_COLOR_NAME = AccentColor;
				ASSETCATALOG_COMPILER_INCLUDE_ALL_APPICON_ASSETS = YES;
				CODE_SIGN_ENTITLEMENTS = PeachSconeMarket/PeachSconeMarket.entitlements;
				CODE_SIGN_STYLE = Automatic;
				CURRENT_PROJECT_VERSION = 1;
				DEVELOPMENT_ASSET_PATHS = "\"PeachSconeMarket/Preview Content\"";
				DEVELOPMENT_TEAM = 29M3BZ9YYL;
				ENABLE_PREVIEWS = YES;
				GENERATE_INFOPLIST_FILE = YES;
				INFOPLIST_FILE = PeachSconeMarket/Info.plist;
				INFOPLIST_KEY_CFBundleDisplayName = Market;
				INFOPLIST_KEY_LSApplicationCategoryType = "public.app-category.shopping";
				INFOPLIST_KEY_UIApplicationSceneManifest_Generation = YES;
				INFOPLIST_KEY_UIApplicationSupportsIndirectInputEvents = YES;
				INFOPLIST_KEY_UILaunchStoryboardName = LaunchScreen.storyboard;
				INFOPLIST_KEY_UIStatusBarStyle = UIStatusBarStyleDarkContent;
				INFOPLIST_KEY_UISupportedInterfaceOrientations = UIInterfaceOrientationPortrait;
				INFOPLIST_KEY_UISupportedInterfaceOrientations_iPad = "UIInterfaceOrientationLandscapeLeft UIInterfaceOrientationLandscapeRight UIInterfaceOrientationPortrait UIInterfaceOrientationPortraitUpsideDown";
				IPHONEOS_DEPLOYMENT_TARGET = 16.0;
				LD_RUNPATH_SEARCH_PATHS = (
					"$(inherited)",
					"@executable_path/Frameworks",
				);
				MARKETING_VERSION = 1.0.5;
				PRODUCT_BUNDLE_IDENTIFIER = "Bubba-Technologies-Inc.PeachSconeMarket";
				PRODUCT_NAME = "$(TARGET_NAME)";
				SUPPORTED_PLATFORMS = "iphoneos iphonesimulator";
				SUPPORTS_MACCATALYST = NO;
				SUPPORTS_MAC_DESIGNED_FOR_IPHONE_IPAD = NO;
				SWIFT_EMIT_LOC_STRINGS = YES;
				SWIFT_VERSION = 5.0;
				TARGETED_DEVICE_FAMILY = 1;
			};
			name = Debug;
		};
		9234A99D2A0B245A00EC036A /* Release */ = {
			isa = XCBuildConfiguration;
			buildSettings = {
				ASSETCATALOG_COMPILER_APPICON_NAME = AppIcon;
				ASSETCATALOG_COMPILER_GLOBAL_ACCENT_COLOR_NAME = AccentColor;
				ASSETCATALOG_COMPILER_INCLUDE_ALL_APPICON_ASSETS = YES;
				CODE_SIGN_ENTITLEMENTS = PeachSconeMarket/PeachSconeMarket.entitlements;
				CODE_SIGN_STYLE = Automatic;
				CURRENT_PROJECT_VERSION = 1;
				DEVELOPMENT_ASSET_PATHS = "\"PeachSconeMarket/Preview Content\"";
				DEVELOPMENT_TEAM = 29M3BZ9YYL;
				ENABLE_PREVIEWS = YES;
				GENERATE_INFOPLIST_FILE = YES;
				INFOPLIST_FILE = PeachSconeMarket/Info.plist;
				INFOPLIST_KEY_CFBundleDisplayName = Market;
				INFOPLIST_KEY_LSApplicationCategoryType = "public.app-category.shopping";
				INFOPLIST_KEY_UIApplicationSceneManifest_Generation = YES;
				INFOPLIST_KEY_UIApplicationSupportsIndirectInputEvents = YES;
				INFOPLIST_KEY_UILaunchStoryboardName = LaunchScreen.storyboard;
				INFOPLIST_KEY_UIStatusBarStyle = UIStatusBarStyleDarkContent;
				INFOPLIST_KEY_UISupportedInterfaceOrientations = UIInterfaceOrientationPortrait;
				INFOPLIST_KEY_UISupportedInterfaceOrientations_iPad = "UIInterfaceOrientationLandscapeLeft UIInterfaceOrientationLandscapeRight UIInterfaceOrientationPortrait UIInterfaceOrientationPortraitUpsideDown";
				IPHONEOS_DEPLOYMENT_TARGET = 16.0;
				LD_RUNPATH_SEARCH_PATHS = (
					"$(inherited)",
					"@executable_path/Frameworks",
				);
				MARKETING_VERSION = 1.0.5;
				PRODUCT_BUNDLE_IDENTIFIER = "Bubba-Technologies-Inc.PeachSconeMarket";
				PRODUCT_NAME = "$(TARGET_NAME)";
				SUPPORTED_PLATFORMS = "iphoneos iphonesimulator";
				SUPPORTS_MACCATALYST = NO;
				SUPPORTS_MAC_DESIGNED_FOR_IPHONE_IPAD = NO;
				SWIFT_EMIT_LOC_STRINGS = YES;
				SWIFT_VERSION = 5.0;
				TARGETED_DEVICE_FAMILY = 1;
			};
			name = Release;
		};
		9234A99F2A0B245A00EC036A /* Debug */ = {
			isa = XCBuildConfiguration;
			buildSettings = {
				ALWAYS_EMBED_SWIFT_STANDARD_LIBRARIES = YES;
				BUNDLE_LOADER = "$(TEST_HOST)";
				CODE_SIGN_STYLE = Automatic;
				CURRENT_PROJECT_VERSION = 1;
				DEVELOPMENT_TEAM = 29M3BZ9YYL;
				GENERATE_INFOPLIST_FILE = YES;
				IPHONEOS_DEPLOYMENT_TARGET = 16.2;
				MARKETING_VERSION = 1.0;
				PRODUCT_BUNDLE_IDENTIFIER = "Bubba-Technologies-Inc.PeachSconeMarketTests";
				PRODUCT_NAME = "$(TARGET_NAME)";
				SWIFT_EMIT_LOC_STRINGS = NO;
				SWIFT_VERSION = 5.0;
				TARGETED_DEVICE_FAMILY = "1,2";
				TEST_HOST = "$(BUILT_PRODUCTS_DIR)/PeachSconeMarket.app/$(BUNDLE_EXECUTABLE_FOLDER_PATH)/PeachSconeMarket";
			};
			name = Debug;
		};
		9234A9A02A0B245A00EC036A /* Release */ = {
			isa = XCBuildConfiguration;
			buildSettings = {
				ALWAYS_EMBED_SWIFT_STANDARD_LIBRARIES = YES;
				BUNDLE_LOADER = "$(TEST_HOST)";
				CODE_SIGN_STYLE = Automatic;
				CURRENT_PROJECT_VERSION = 1;
				DEVELOPMENT_TEAM = 29M3BZ9YYL;
				GENERATE_INFOPLIST_FILE = YES;
				IPHONEOS_DEPLOYMENT_TARGET = 16.2;
				MARKETING_VERSION = 1.0;
				PRODUCT_BUNDLE_IDENTIFIER = "Bubba-Technologies-Inc.PeachSconeMarketTests";
				PRODUCT_NAME = "$(TARGET_NAME)";
				SWIFT_EMIT_LOC_STRINGS = NO;
				SWIFT_VERSION = 5.0;
				TARGETED_DEVICE_FAMILY = "1,2";
				TEST_HOST = "$(BUILT_PRODUCTS_DIR)/PeachSconeMarket.app/$(BUNDLE_EXECUTABLE_FOLDER_PATH)/PeachSconeMarket";
			};
			name = Release;
		};
		9234A9A22A0B245A00EC036A /* Debug */ = {
			isa = XCBuildConfiguration;
			buildSettings = {
				ALWAYS_EMBED_SWIFT_STANDARD_LIBRARIES = YES;
				CODE_SIGN_STYLE = Automatic;
				CURRENT_PROJECT_VERSION = 1;
				DEVELOPMENT_TEAM = 29M3BZ9YYL;
				GENERATE_INFOPLIST_FILE = YES;
				MARKETING_VERSION = 1.0;
				PRODUCT_BUNDLE_IDENTIFIER = "Bubba-Technologies-Inc.PeachSconeMarketUITests";
				PRODUCT_NAME = "$(TARGET_NAME)";
				SWIFT_EMIT_LOC_STRINGS = NO;
				SWIFT_VERSION = 5.0;
				TARGETED_DEVICE_FAMILY = "1,2";
				TEST_TARGET_NAME = PeachSconeMarket;
			};
			name = Debug;
		};
		9234A9A32A0B245A00EC036A /* Release */ = {
			isa = XCBuildConfiguration;
			buildSettings = {
				ALWAYS_EMBED_SWIFT_STANDARD_LIBRARIES = YES;
				CODE_SIGN_STYLE = Automatic;
				CURRENT_PROJECT_VERSION = 1;
				DEVELOPMENT_TEAM = 29M3BZ9YYL;
				GENERATE_INFOPLIST_FILE = YES;
				MARKETING_VERSION = 1.0;
				PRODUCT_BUNDLE_IDENTIFIER = "Bubba-Technologies-Inc.PeachSconeMarketUITests";
				PRODUCT_NAME = "$(TARGET_NAME)";
				SWIFT_EMIT_LOC_STRINGS = NO;
				SWIFT_VERSION = 5.0;
				TARGETED_DEVICE_FAMILY = "1,2";
				TEST_TARGET_NAME = PeachSconeMarket;
			};
			name = Release;
		};
/* End XCBuildConfiguration section */

/* Begin XCConfigurationList section */
		9234A9722A0B245600EC036A /* Build configuration list for PBXProject "PeachSconeMarket" */ = {
			isa = XCConfigurationList;
			buildConfigurations = (
				9234A9992A0B245A00EC036A /* Debug */,
				9234A99A2A0B245A00EC036A /* Release */,
			);
			defaultConfigurationIsVisible = 0;
			defaultConfigurationName = Release;
		};
		9234A99B2A0B245A00EC036A /* Build configuration list for PBXNativeTarget "PeachSconeMarket" */ = {
			isa = XCConfigurationList;
			buildConfigurations = (
				9234A99C2A0B245A00EC036A /* Debug */,
				9234A99D2A0B245A00EC036A /* Release */,
			);
			defaultConfigurationIsVisible = 0;
			defaultConfigurationName = Release;
		};
		9234A99E2A0B245A00EC036A /* Build configuration list for PBXNativeTarget "PeachSconeMarketTests" */ = {
			isa = XCConfigurationList;
			buildConfigurations = (
				9234A99F2A0B245A00EC036A /* Debug */,
				9234A9A02A0B245A00EC036A /* Release */,
			);
			defaultConfigurationIsVisible = 0;
			defaultConfigurationName = Release;
		};
		9234A9A12A0B245A00EC036A /* Build configuration list for PBXNativeTarget "PeachSconeMarketUITests" */ = {
			isa = XCConfigurationList;
			buildConfigurations = (
				9234A9A22A0B245A00EC036A /* Debug */,
				9234A9A32A0B245A00EC036A /* Release */,
			);
			defaultConfigurationIsVisible = 0;
			defaultConfigurationName = Release;
		};
/* End XCConfigurationList section */
	};
	rootObject = 9234A96F2A0B245600EC036A /* Project object */;
}
